
Microsoft Visual Studio Solution File, Format Version 12.00
# Visual Studio Version 17
VisualStudioVersion = 17.12.35707.178
MinimumVisualStudioVersion = 10.0.40219.1
Project("{2150E333-8FDC-42A3-9474-1A3956D46DE8}") = "Common", "Common", "{7F08C269-DBD6-42EE-AFCB-E594C185A748}"
EndProject
Project("{2150E333-8FDC-42A3-9474-1A3956D46DE8}") = "Services", "Services", "{E35828C3-7F79-4320-B2B1-5409F77A1C7E}"
EndProject
Project("{2150E333-8FDC-42A3-9474-1A3956D46DE8}") = "UI", "UI", "{8C34D862-7DB7-4579-8663-D5DBCC15CA6C}"
EndProject
Project("{FAE04EC0-301F-11D3-BF4B-00C04F79EFBC}") = "WebStore9Domain", "Common\WebStore9Domain\WebStore9Domain.csproj", "{442A7DD3-BE7D-4508-AE45-730F1C4184E2}"
EndProject
Project("{2150E333-8FDC-42A3-9474-1A3956D46DE8}") = "Data", "Data", "{3CA76DDB-B578-4425-8874-A1AAACD6F3E2}"
EndProject
Project("{FAE04EC0-301F-11D3-BF4B-00C04F79EFBC}") = "WebStore9.DAL", "Data\WebStore9.DAL\WebStore9.DAL.csproj", "{F353CC15-EA0B-403F-AD3F-83B73DF3B796}"
EndProject
Project("{FAE04EC0-301F-11D3-BF4B-00C04F79EFBC}") = "WebStore9.DAL.Sqlite", "Data\WebStore9.DAL.Sqlite\WebStore9.DAL.Sqlite.csproj", "{8B4DB166-2364-40D7-89E4-D9C8E269DDB6}"
EndProject
Project("{FAE04EC0-301F-11D3-BF4B-00C04F79EFBC}") = "WebStore9", "UI\WebStore9\WebStore9.csproj", "{62C1E753-C057-4770-9D5F-3B048A5BC4E3}"
EndProject
Project("{FAE04EC0-301F-11D3-BF4B-00C04F79EFBC}") = "WebStore9.Interfaces", "Services\WebStore9.Interfaces\WebStore9.Interfaces.csproj", "{E91ABA13-D9E2-4472-8951-41DC6D083079}"
EndProject
Project("{FAE04EC0-301F-11D3-BF4B-00C04F79EFBC}") = "WebStore9.Services", "Services\WebStore9.Services\WebStore9.Services.csproj", "{91D66CC5-AB41-4C32-AF15-33B18C76F708}"
EndProject
Project("{FAE04EC0-301F-11D3-BF4B-00C04F79EFBC}") = "WebStore9.WebAPI", "Services\WebStore9.WebAPI\WebStore9.WebAPI.csproj", "{C5C30C9B-BA1A-41C2-BB0E-E44BD024B172}"
EndProject
Project("{FAE04EC0-301F-11D3-BF4B-00C04F79EFBC}") = "WebStore9.WebAPI.Clients", "Services\WebStore9.WebAPI.Clients\WebStore9.WebAPI.Clients.csproj", "{3950F1D9-38D6-4810-9BAE-92D17148142A}"
EndProject
Global
	GlobalSection(SolutionConfigurationPlatforms) = preSolution
		Debug|Any CPU = Debug|Any CPU
		Release|Any CPU = Release|Any CPU
	EndGlobalSection
	GlobalSection(ProjectConfigurationPlatforms) = postSolution
		{442A7DD3-BE7D-4508-AE45-730F1C4184E2}.Debug|Any CPU.ActiveCfg = Debug|Any CPU
		{442A7DD3-BE7D-4508-AE45-730F1C4184E2}.Debug|Any CPU.Build.0 = Debug|Any CPU
		{442A7DD3-BE7D-4508-AE45-730F1C4184E2}.Release|Any CPU.ActiveCfg = Release|Any CPU
		{442A7DD3-BE7D-4508-AE45-730F1C4184E2}.Release|Any CPU.Build.0 = Release|Any CPU
		{F353CC15-EA0B-403F-AD3F-83B73DF3B796}.Debug|Any CPU.ActiveCfg = Debug|Any CPU
		{F353CC15-EA0B-403F-AD3F-83B73DF3B796}.Debug|Any CPU.Build.0 = Debug|Any CPU
		{F353CC15-EA0B-403F-AD3F-83B73DF3B796}.Release|Any CPU.ActiveCfg = Release|Any CPU
		{F353CC15-EA0B-403F-AD3F-83B73DF3B796}.Release|Any CPU.Build.0 = Release|Any CPU
		{8B4DB166-2364-40D7-89E4-D9C8E269DDB6}.Debug|Any CPU.ActiveCfg = Debug|Any CPU
		{8B4DB166-2364-40D7-89E4-D9C8E269DDB6}.Debug|Any CPU.Build.0 = Debug|Any CPU
		{8B4DB166-2364-40D7-89E4-D9C8E269DDB6}.Release|Any CPU.ActiveCfg = Release|Any CPU
		{8B4DB166-2364-40D7-89E4-D9C8E269DDB6}.Release|Any CPU.Build.0 = Release|Any CPU
		{62C1E753-C057-4770-9D5F-3B048A5BC4E3}.Debug|Any CPU.ActiveCfg = Debug|Any CPU
		{62C1E753-C057-4770-9D5F-3B048A5BC4E3}.Debug|Any CPU.Build.0 = Debug|Any CPU
		{62C1E753-C057-4770-9D5F-3B048A5BC4E3}.Release|Any CPU.ActiveCfg = Release|Any CPU
		{62C1E753-C057-4770-9D5F-3B048A5BC4E3}.Release|Any CPU.Build.0 = Release|Any CPU
		{E91ABA13-D9E2-4472-8951-41DC6D083079}.Debug|Any CPU.ActiveCfg = Debug|Any CPU
		{E91ABA13-D9E2-4472-8951-41DC6D083079}.Debug|Any CPU.Build.0 = Debug|Any CPU
		{E91ABA13-D9E2-4472-8951-41DC6D083079}.Release|Any CPU.ActiveCfg = Release|Any CPU
		{E91ABA13-D9E2-4472-8951-41DC6D083079}.Release|Any CPU.Build.0 = Release|Any CPU
		{91D66CC5-AB41-4C32-AF15-33B18C76F708}.Debug|Any CPU.ActiveCfg = Debug|Any CPU
		{91D66CC5-AB41-4C32-AF15-33B18C76F708}.Debug|Any CPU.Build.0 = Debug|Any CPU
		{91D66CC5-AB41-4C32-AF15-33B18C76F708}.Release|Any CPU.ActiveCfg = Release|Any CPU
		{91D66CC5-AB41-4C32-AF15-33B18C76F708}.Release|Any CPU.Build.0 = Release|Any CPU
		{C5C30C9B-BA1A-41C2-BB0E-E44BD024B172}.Debug|Any CPU.ActiveCfg = Debug|Any CPU
		{C5C30C9B-BA1A-41C2-BB0E-E44BD024B172}.Debug|Any CPU.Build.0 = Debug|Any CPU
		{C5C30C9B-BA1A-41C2-BB0E-E44BD024B172}.Release|Any CPU.ActiveCfg = Release|Any CPU
		{C5C30C9B-BA1A-41C2-BB0E-E44BD024B172}.Release|Any CPU.Build.0 = Release|Any CPU
		{3950F1D9-38D6-4810-9BAE-92D17148142A}.Debug|Any CPU.ActiveCfg = Debug|Any CPU
		{3950F1D9-38D6-4810-9BAE-92D17148142A}.Debug|Any CPU.Build.0 = Debug|Any CPU
		{3950F1D9-38D6-4810-9BAE-92D17148142A}.Release|Any CPU.ActiveCfg = Release|Any CPU
		{3950F1D9-38D6-4810-9BAE-92D17148142A}.Release|Any CPU.Build.0 = Release|Any CPU
	EndGlobalSection
	GlobalSection(SolutionProperties) = preSolution
		HideSolutionNode = FALSE
	EndGlobalSection
	GlobalSection(NestedProjects) = preSolution
		{442A7DD3-BE7D-4508-AE45-730F1C4184E2} = {7F08C269-DBD6-42EE-AFCB-E594C185A748}
		{F353CC15-EA0B-403F-AD3F-83B73DF3B796} = {3CA76DDB-B578-4425-8874-A1AAACD6F3E2}
		{8B4DB166-2364-40D7-89E4-D9C8E269DDB6} = {3CA76DDB-B578-4425-8874-A1AAACD6F3E2}
		{62C1E753-C057-4770-9D5F-3B048A5BC4E3} = {8C34D862-7DB7-4579-8663-D5DBCC15CA6C}
		{E91ABA13-D9E2-4472-8951-41DC6D083079} = {E35828C3-7F79-4320-B2B1-5409F77A1C7E}
		{91D66CC5-AB41-4C32-AF15-33B18C76F708} = {E35828C3-7F79-4320-B2B1-5409F77A1C7E}
		{C5C30C9B-BA1A-41C2-BB0E-E44BD024B172} = {E35828C3-7F79-4320-B2B1-5409F77A1C7E}
		{3950F1D9-38D6-4810-9BAE-92D17148142A} = {E35828C3-7F79-4320-B2B1-5409F77A1C7E}
	EndGlobalSection
EndGlobal
