
Microsoft Visual Studio Solution File, Format Version 12.00
# Visual Studio Version 17
VisualStudioVersion = 17.12.35707.178
MinimumVisualStudioVersion = 10.0.40219.1
Project("{FAE04EC0-301F-11D3-BF4B-00C04F79EFBC}") = "WebStore9", "WebStore9\WebStore9.csproj", "{AE50BA13-7F83-49DC-8EAB-38F0BC989F76}"
EndProject
Project("{FAE04EC0-301F-11D3-BF4B-00C04F79EFBC}") = "WebStore9Domain", "WebStore9Domain\WebStore9Domain.csproj", "{1C0BC5A8-B3DF-4A05-AC07-50E22C7033FE}"
EndProject
Project("{FAE04EC0-301F-11D3-BF4B-00C04F79EFBC}") = "WebStore9.DAL", "WebStore9.DAL\WebStore9.DAL.csproj", "{3F2ACE48-0016-42D2-9F35-0A63B54A0E40}"
EndProject
Project("{FAE04EC0-301F-11D3-BF4B-00C04F79EFBC}") = "WebStore9.DAL.Sqlite", "WebStore9.DAL.Sqlite\WebStore9.DAL.Sqlite.csproj", "{C1252507-E886-4F67-B41D-D56EE951749B}"
EndProject
Global
	GlobalSection(SolutionConfigurationPlatforms) = preSolution
		Debug|Any CPU = Debug|Any CPU
		Release|Any CPU = Release|Any CPU
	EndGlobalSection
	GlobalSection(ProjectConfigurationPlatforms) = postSolution
		{AE50BA13-7F83-49DC-8EAB-38F0BC989F76}.Debug|Any CPU.ActiveCfg = Debug|Any CPU
		{AE50BA13-7F83-49DC-8EAB-38F0BC989F76}.Debug|Any CPU.Build.0 = Debug|Any CPU
		{AE50BA13-7F83-49DC-8EAB-38F0BC989F76}.Release|Any CPU.ActiveCfg = Release|Any CPU
		{AE50BA13-7F83-49DC-8EAB-38F0BC989F76}.Release|Any CPU.Build.0 = Release|Any CPU
		{1C0BC5A8-B3DF-4A05-AC07-50E22C7033FE}.Debug|Any CPU.ActiveCfg = Debug|Any CPU
		{1C0BC5A8-B3DF-4A05-AC07-50E22C7033FE}.Debug|Any CPU.Build.0 = Debug|Any CPU
		{1C0BC5A8-B3DF-4A05-AC07-50E22C7033FE}.Release|Any CPU.ActiveCfg = Release|Any CPU
		{1C0BC5A8-B3DF-4A05-AC07-50E22C7033FE}.Release|Any CPU.Build.0 = Release|Any CPU
		{3F2ACE48-0016-42D2-9F35-0A63B54A0E40}.Debug|Any CPU.ActiveCfg = Debug|Any CPU
		{3F2ACE48-0016-42D2-9F35-0A63B54A0E40}.Debug|Any CPU.Build.0 = Debug|Any CPU
		{3F2ACE48-0016-42D2-9F35-0A63B54A0E40}.Release|Any CPU.ActiveCfg = Release|Any CPU
		{3F2ACE48-0016-42D2-9F35-0A63B54A0E40}.Release|Any CPU.Build.0 = Release|Any CPU
		{C1252507-E886-4F67-B41D-D56EE951749B}.Debug|Any CPU.ActiveCfg = Debug|Any CPU
		{C1252507-E886-4F67-B41D-D56EE951749B}.Debug|Any CPU.Build.0 = Debug|Any CPU
		{C1252507-E886-4F67-B41D-D56EE951749B}.Release|Any CPU.ActiveCfg = Release|Any CPU
		{C1252507-E886-4F67-B41D-D56EE951749B}.Release|Any CPU.Build.0 = Release|Any CPU
	EndGlobalSection
	GlobalSection(SolutionProperties) = preSolution
		HideSolutionNode = FALSE
	EndGlobalSection
EndGlobal
